{
  "version": 4,
  "terraform_version": "1.2.0",
  "serial": 9,
  "lineage": "aed2f887-b438-3305-08b3-04fb8ea51384",
  "outputs": {},
  "resources": [
    {
      "mode": "data",
      "type": "aws_imagebuilder_image",
      "name": "example",
      "provider": "provider[\"registry.terraform.io/hashicorp/aws\"]",
      "instances": [
        {
          "schema_version": 0,
          "attributes": {
            "arn": "arn:aws:imagebuilder:us-west-2:072616322033:image/test-reciepe/1.0.0/5",
            "build_version_arn": "arn:aws:imagebuilder:us-west-2:072616322033:image/test-reciepe/1.0.0/5",
            "container_recipe_arn": null,
            "date_created": "2023-03-13T09:00:33.702Z",
            "distribution_configuration_arn": "arn:aws:imagebuilder:us-west-2:072616322033:distribution-configuration/testpipeline-1138c575-a2c7-47d2-b3cf-50104fb6d369",
            "enhanced_image_metadata_enabled": true,
            "id": "arn:aws:imagebuilder:us-west-2:072616322033:image/test-reciepe/1.0.0/5",
            "image_recipe_arn": "arn:aws:imagebuilder:us-west-2:072616322033:image-recipe/test-reciepe/1.0.0",
            "image_tests_configuration": [
              {
                "image_tests_enabled": true,
                "timeout_minutes": 720
              }
            ],
            "infrastructure_configuration_arn": "arn:aws:imagebuilder:us-west-2:072616322033:infrastructure-configuration/testpipeline-1138c575-a2c7-47d2-b3cf-50104fb6d369",
            "name": "test-reciepe",
            "os_version": "Ubuntu 18",
            "output_resources": [
              {
                "amis": [
                  {
                    "account_id": "072616322033",
                    "description": "",
                    "image": "ami-09957979da705809d",
                    "name": "test-reciepe 2023-03-13T09-00-37.081097Z",
                    "region": "us-west-2"
                  }
                ]
              }
            ],
            "platform": "Linux",
            "tags": {},
            "version": "1.0.0/5"
          },
          "sensitive_attributes": []
        }
      ]
    },
    {
      "mode": "managed",
      "type": "aws_ram_principal_association",
      "name": "example",
      "provider": "provider[\"registry.terraform.io/hashicorp/aws\"]",
      "instances": [
        {
          "schema_version": 0,
          "attributes": {
            "id": "arn:aws:ram:us-west-2:072616322033:resource-share/3d125702-08f7-4d0e-80e3-c27b546254b2,433840313807",
            "principal": "433840313807",
            "resource_share_arn": "arn:aws:ram:us-west-2:072616322033:resource-share/3d125702-08f7-4d0e-80e3-c27b546254b2"
          },
          "sensitive_attributes": [],
          "private": "bnVsbA==",
          "dependencies": [
            "aws_ram_resource_share.example"
          ]
        }
      ]
    },
    {
      "mode": "managed",
      "type": "aws_ram_resource_association",
      "name": "example",
      "provider": "provider[\"registry.terraform.io/hashicorp/aws\"]",
      "instances": [
        {
          "schema_version": 0,
          "attributes": {
            "id": "arn:aws:ram:us-west-2:072616322033:resource-share/3d125702-08f7-4d0e-80e3-c27b546254b2,arn:aws:imagebuilder:us-west-2:072616322033:image/test-reciepe/1.0.0/5",
            "resource_arn": "arn:aws:imagebuilder:us-west-2:072616322033:image/test-reciepe/1.0.0/5",
            "resource_share_arn": "arn:aws:ram:us-west-2:072616322033:resource-share/3d125702-08f7-4d0e-80e3-c27b546254b2"
          },
          "sensitive_attributes": [],
          "private": "bnVsbA==",
          "dependencies": [
            "aws_ram_resource_share.example",
            "data.aws_imagebuilder_image.example"
          ]
        }
      ]
    },
    {
      "mode": "managed",
      "type": "aws_ram_resource_share",
      "name": "example",
      "provider": "provider[\"registry.terraform.io/hashicorp/aws\"]",
      "instances": [
        {
          "schema_version": 0,
          "attributes": {
            "allow_external_principals": true,
            "arn": "arn:aws:ram:us-west-2:072616322033:resource-share/3d125702-08f7-4d0e-80e3-c27b546254b2",
            "id": "arn:aws:ram:us-west-2:072616322033:resource-share/3d125702-08f7-4d0e-80e3-c27b546254b2",
            "name": "example",
            "permission_arns": [
              "arn:aws:ram::aws:permission/AWSRAMDefaultPermissionImageBuilderImage"
            ],
            "tags": {
              "Environment": "Production"
            },
            "tags_all": {
              "Environment": "Production"
            },
            "timeouts": null
          },
          "sensitive_attributes": [],
          "private": "eyJlMmJmYjczMC1lY2FhLTExZTYtOGY4OC0zNDM2M2JjN2M0YzAiOnsiY3JlYXRlIjozMDAwMDAwMDAwMDAsImRlbGV0ZSI6MzAwMDAwMDAwMDAwfX0="
        }
      ]
    }
  ]
}
